{
  "name": "bulwark-static",
  "version": "1.0.0",
  "lockfileVersion": 1,
  "requires": true,
  "dependencies": {
    "@staart/site": {
      "version": "3.0.0-beta.1",
      "resolved": "https://registry.npmjs.org/@staart/site/-/site-3.0.0-beta.1.tgz",
      "integrity": "sha512-Yng9aiAaNGvni84RaR/UmtKBlAm/IS3VVdKvVgvVs/OLUkK3cc/fVUNwXDE5mjs66jJgzi7+4nO6UVIbw0x0ZA=="
    }
  }
}
